
Microsoft Visual Studio Solution File, Format Version 12.00
# Visual Studio Version 17
VisualStudioVersion = 17.4.33110.190
MinimumVisualStudioVersion = 10.0.40219.1
Project("{FAE04EC0-301F-11D3-BF4B-00C04F79EFBC}") = "Scraper", "Scraper\Scraper.csproj", "{DD932D2C-7BF6-429B-9C0F-15E5DF1E718B}"
EndProject
Global
	GlobalSection(SolutionConfigurationPlatforms) = preSolution
		Debug|Any CPU = Debug|Any CPU
		Release|Any CPU = Release|Any CPU
	EndGlobalSection
	GlobalSection(ProjectConfigurationPlatforms) = postSolution
		{DD932D2C-7BF6-429B-9C0F-15E5DF1E718B}.Debug|Any CPU.ActiveCfg = Debug|Any CPU
		{DD932D2C-7BF6-429B-9C0F-15E5DF1E718B}.Debug|Any CPU.Build.0 = Debug|Any CPU
		{DD932D2C-7BF6-429B-9C0F-15E5DF1E718B}.Release|Any CPU.ActiveCfg = Release|Any CPU
		{DD932D2C-7BF6-429B-9C0F-15E5DF1E718B}.Release|Any CPU.Build.0 = Release|Any CPU
	EndGlobalSection
	GlobalSection(SolutionProperties) = preSolution
		HideSolutionNode = FALSE
	EndGlobalSection
	GlobalSection(ExtensibilityGlobals) = postSolution
		SolutionGuid = {37A80BF1-3D3F-463A-9B48-122E07AA5027}
	EndGlobalSection
EndGlobal
